# This file is autogenerated, do not edit; changes may be undone by the next 'dep ensure'.


[[projects]]
  branch = "master"
  name = "github.com/kolo/xmlrpc"
  packages = ["."]
  revision = "0826b98aaa29c0766956cb40d45cf7482a597671"

[solve-meta]
  analyzer-name = "dep"
  analyzer-version = 1
  inputs-digest = "0f52573804524a71456510d3d6c52f3e85031a0daaec05bc884b7e627391dbf6"
  solver-name = "gps-cdcl"
  solver-version = 1
