# This file is autogenerated, do not edit; changes may be undone by the next 'dep ensure'.


[[projects]]
  branch = "master"
  name = "github.com/kolo/xmlrpc"
  packages = ["."]
  revision = "0826b98aaa29c0766956cb40d45cf7482a597671"

[[projects]]
  name = "github.com/xoes/go-odoo"
  packages = ["types"]
  revision = "6119eba38f743ca0cb55565ef2ef01631348a33f"
  version = "v10"

[solve-meta]
  analyzer-name = "dep"
  analyzer-version = 1
  inputs-digest = "240948583d438fa01226f067c8ee4676cc1c8a01f7e7c3f25d70397deca394b0"
  solver-name = "gps-cdcl"
  solver-version = 1
